
Microsoft Visual Studio Solution File, Format Version 12.00
# Visual Studio Version 16
VisualStudioVersion = 16.0.30517.126
MinimumVisualStudioVersion = 10.0.40219.1
Project("{FAE04EC0-301F-11D3-BF4B-00C04F79EFBC}") = "CheckReset", "CheckReset\CheckReset.csproj", "{AF73A8E3-A23E-4AD0-8147-469E1E15EB3A}"
EndProject
Global
	GlobalSection(SolutionConfigurationPlatforms) = preSolution
		Debug|Any CPU = Debug|Any CPU
		Release|Any CPU = Release|Any CPU
	EndGlobalSection
	GlobalSection(ProjectConfigurationPlatforms) = postSolution
		{AF73A8E3-A23E-4AD0-8147-469E1E15EB3A}.Debug|Any CPU.ActiveCfg = Debug|Any CPU
		{AF73A8E3-A23E-4AD0-8147-469E1E15EB3A}.Debug|Any CPU.Build.0 = Debug|Any CPU
		{AF73A8E3-A23E-4AD0-8147-469E1E15EB3A}.Release|Any CPU.ActiveCfg = Release|Any CPU
		{AF73A8E3-A23E-4AD0-8147-469E1E15EB3A}.Release|Any CPU.Build.0 = Release|Any CPU
	EndGlobalSection
	GlobalSection(SolutionProperties) = preSolution
		HideSolutionNode = FALSE
	EndGlobalSection
	GlobalSection(ExtensibilityGlobals) = postSolution
		SolutionGuid = {4461D940-D66C-426A-9994-C089A718CA6B}
	EndGlobalSection
EndGlobal
